
Microsoft Visual Studio Solution File, Format Version 12.00
# Visual Studio Version 17
VisualStudioVersion = 17.5.33516.290
MinimumVisualStudioVersion = 10.0.40219.1
Project("{FAE04EC0-301F-11D3-BF4B-00C04F79EFBC}") = "iOSDropboxCustomTextFileType.iOS", "iOSDropboxCustomTextFileType\iOSDropboxCustomTextFileType.iOS\iOSDropboxCustomTextFileType.iOS.csproj", "{FB4D9E47-0375-47CB-BD11-E6FA292E3D16}"
EndProject
Project("{FAE04EC0-301F-11D3-BF4B-00C04F79EFBC}") = "iOSDropboxCustomTextFileType", "iOSDropboxCustomTextFileType\iOSDropboxCustomTextFileType\iOSDropboxCustomTextFileType.csproj", "{ADD09D02-2EC9-4A98-9748-51726C0B04C3}"
EndProject
Global
	GlobalSection(SolutionConfigurationPlatforms) = preSolution
		Debug|Any CPU = Debug|Any CPU
		Debug|iPhone = Debug|iPhone
		Debug|iPhoneSimulator = Debug|iPhoneSimulator
		Release|Any CPU = Release|Any CPU
		Release|iPhone = Release|iPhone
		Release|iPhoneSimulator = Release|iPhoneSimulator
	EndGlobalSection
	GlobalSection(ProjectConfigurationPlatforms) = postSolution
		{FB4D9E47-0375-47CB-BD11-E6FA292E3D16}.Debug|Any CPU.ActiveCfg = Debug|iPhoneSimulator
		{FB4D9E47-0375-47CB-BD11-E6FA292E3D16}.Debug|Any CPU.Build.0 = Debug|iPhoneSimulator
		{FB4D9E47-0375-47CB-BD11-E6FA292E3D16}.Debug|Any CPU.Deploy.0 = Debug|iPhoneSimulator
		{FB4D9E47-0375-47CB-BD11-E6FA292E3D16}.Debug|iPhone.ActiveCfg = Debug|iPhone
		{FB4D9E47-0375-47CB-BD11-E6FA292E3D16}.Debug|iPhone.Build.0 = Debug|iPhone
		{FB4D9E47-0375-47CB-BD11-E6FA292E3D16}.Debug|iPhone.Deploy.0 = Debug|iPhone
		{FB4D9E47-0375-47CB-BD11-E6FA292E3D16}.Debug|iPhoneSimulator.ActiveCfg = Debug|iPhoneSimulator
		{FB4D9E47-0375-47CB-BD11-E6FA292E3D16}.Debug|iPhoneSimulator.Build.0 = Debug|iPhoneSimulator
		{FB4D9E47-0375-47CB-BD11-E6FA292E3D16}.Debug|iPhoneSimulator.Deploy.0 = Debug|iPhoneSimulator
		{FB4D9E47-0375-47CB-BD11-E6FA292E3D16}.Release|Any CPU.ActiveCfg = Release|iPhoneSimulator
		{FB4D9E47-0375-47CB-BD11-E6FA292E3D16}.Release|Any CPU.Build.0 = Release|iPhoneSimulator
		{FB4D9E47-0375-47CB-BD11-E6FA292E3D16}.Release|Any CPU.Deploy.0 = Release|iPhoneSimulator
		{FB4D9E47-0375-47CB-BD11-E6FA292E3D16}.Release|iPhone.ActiveCfg = Release|iPhone
		{FB4D9E47-0375-47CB-BD11-E6FA292E3D16}.Release|iPhone.Build.0 = Release|iPhone
		{FB4D9E47-0375-47CB-BD11-E6FA292E3D16}.Release|iPhone.Deploy.0 = Release|iPhone
		{FB4D9E47-0375-47CB-BD11-E6FA292E3D16}.Release|iPhoneSimulator.ActiveCfg = Release|iPhoneSimulator
		{FB4D9E47-0375-47CB-BD11-E6FA292E3D16}.Release|iPhoneSimulator.Build.0 = Release|iPhoneSimulator
		{FB4D9E47-0375-47CB-BD11-E6FA292E3D16}.Release|iPhoneSimulator.Deploy.0 = Release|iPhoneSimulator
		{ADD09D02-2EC9-4A98-9748-51726C0B04C3}.Debug|Any CPU.ActiveCfg = Debug|Any CPU
		{ADD09D02-2EC9-4A98-9748-51726C0B04C3}.Debug|Any CPU.Build.0 = Debug|Any CPU
		{ADD09D02-2EC9-4A98-9748-51726C0B04C3}.Debug|Any CPU.Deploy.0 = Debug|Any CPU
		{ADD09D02-2EC9-4A98-9748-51726C0B04C3}.Debug|iPhone.ActiveCfg = Debug|Any CPU
		{ADD09D02-2EC9-4A98-9748-51726C0B04C3}.Debug|iPhone.Build.0 = Debug|Any CPU
		{ADD09D02-2EC9-4A98-9748-51726C0B04C3}.Debug|iPhone.Deploy.0 = Debug|Any CPU
		{ADD09D02-2EC9-4A98-9748-51726C0B04C3}.Debug|iPhoneSimulator.ActiveCfg = Debug|Any CPU
		{ADD09D02-2EC9-4A98-9748-51726C0B04C3}.Debug|iPhoneSimulator.Build.0 = Debug|Any CPU
		{ADD09D02-2EC9-4A98-9748-51726C0B04C3}.Debug|iPhoneSimulator.Deploy.0 = Debug|Any CPU
		{ADD09D02-2EC9-4A98-9748-51726C0B04C3}.Release|Any CPU.ActiveCfg = Release|Any CPU
		{ADD09D02-2EC9-4A98-9748-51726C0B04C3}.Release|Any CPU.Build.0 = Release|Any CPU
		{ADD09D02-2EC9-4A98-9748-51726C0B04C3}.Release|Any CPU.Deploy.0 = Release|Any CPU
		{ADD09D02-2EC9-4A98-9748-51726C0B04C3}.Release|iPhone.ActiveCfg = Release|Any CPU
		{ADD09D02-2EC9-4A98-9748-51726C0B04C3}.Release|iPhone.Build.0 = Release|Any CPU
		{ADD09D02-2EC9-4A98-9748-51726C0B04C3}.Release|iPhone.Deploy.0 = Release|Any CPU
		{ADD09D02-2EC9-4A98-9748-51726C0B04C3}.Release|iPhoneSimulator.ActiveCfg = Release|Any CPU
		{ADD09D02-2EC9-4A98-9748-51726C0B04C3}.Release|iPhoneSimulator.Build.0 = Release|Any CPU
		{ADD09D02-2EC9-4A98-9748-51726C0B04C3}.Release|iPhoneSimulator.Deploy.0 = Release|Any CPU
	EndGlobalSection
	GlobalSection(SolutionProperties) = preSolution
		HideSolutionNode = FALSE
	EndGlobalSection
	GlobalSection(ExtensibilityGlobals) = postSolution
		SolutionGuid = {AA18343C-F075-492F-BED0-1033A0C0B9AF}
	EndGlobalSection
EndGlobal
